<?xml version="1.0" encoding="utf-8"?>
<Project ToolsVersion="4.0" xmlns="http://schemas.microsoft.com/developer/msbuild/2003">
  <ItemGroup>
    <Filter Include="src">
      <UniqueIdentifier>{48c56c4e-a87e-408d-ba14-ba65930f144b}</UniqueIdentifier>
    </Filter>
  </ItemGroup>
  <ItemGroup>
    <ClCompile Include="src\main.c">
      <Filter>src</Filter>
    </ClCompile>
    <ClCompile Include="src\packet.c">
      <Filter>src</Filter>
    </ClCompile>
    <ClCompile Include="src\ring_buffer\ring_buffer.c" />
  </ItemGroup>
  <ItemGroup>
    <ClInclude Include="src\packet.h">
      <Filter>src</Filter>
    </ClInclude>
    <ClInclude Include="src\ring_buffer\ring_buffer.h" />
    <ClInclude Include="src\timer.h" />
  </ItemGroup>
</Project>